
Microsoft Visual Studio Solution File, Format Version 12.00
# Visual Studio 2012
Project("{FAE04EC0-301F-11D3-BF4B-00C04F79EFBC}") = "1.Garden", "chicho pesho\1.Garden.csproj", "{17CE03A2-B1F0-47C7-AEE8-F777A33EB6BE}"
EndProject
Project("{FAE04EC0-301F-11D3-BF4B-00C04F79EFBC}") = "1.Peace of Cake", "Peace of Cake\1.Peace of Cake.csproj", "{F67E541B-B0DA-43D7-956C-B3D865921A36}"
EndProject
Project("{FAE04EC0-301F-11D3-BF4B-00C04F79EFBC}") = "2.AngryFemaleGPS", "AngryFemaleGPS\2.AngryFemaleGPS.csproj", "{B6073EB5-FECC-4A01-914A-DC408F2EAC2A}"
EndProject
Project("{FAE04EC0-301F-11D3-BF4B-00C04F79EFBC}") = "1.2-4-8", "2-4-8\1.2-4-8.csproj", "{CF09F755-5F04-423F-9A39-49D9096562B3}"
EndProject
Project("{FAE04EC0-301F-11D3-BF4B-00C04F79EFBC}") = "2.Nightmare on Code Street", "Nightmare on Code Street\2.Nightmare on Code Street.csproj", "{42B477D6-9686-41B1-B8E5-0890F6AE2702}"
EndProject
Project("{FAE04EC0-301F-11D3-BF4B-00C04F79EFBC}") = "1.Next Date", "Next Date\1.Next Date.csproj", "{077AC899-367F-454D-97D1-95862E4065D0}"
EndProject
Project("{FAE04EC0-301F-11D3-BF4B-00C04F79EFBC}") = "1.Sevenland Numbers", "Sevenland Numbers\1.Sevenland Numbers.csproj", "{38FB2EBA-6112-4929-8091-5CBD5ED991AF}"
EndProject
Project("{FAE04EC0-301F-11D3-BF4B-00C04F79EFBC}") = "1.Triple Rotation of Digits", "Triple Rotation of Digits\1.Triple Rotation of Digits.csproj", "{7CFCAFBA-A198-45D9-A17D-77378ED97330}"
EndProject
Project("{FAE04EC0-301F-11D3-BF4B-00C04F79EFBC}") = "1.Coffee Vending Machine", "Coffee Vending Machine\1.Coffee Vending Machine.csproj", "{C50BF494-6A19-4103-95FD-0782F1EF6921}"
EndProject
Project("{FAE04EC0-301F-11D3-BF4B-00C04F79EFBC}") = "2.The Secrets of Numbers", "The Secrets of Numbers\2.The Secrets of Numbers.csproj", "{0350D491-D43F-4980-BE7F-B3E563E1B974}"
EndProject
Project("{FAE04EC0-301F-11D3-BF4B-00C04F79EFBC}") = "4.Bat’Goiko Tower", "Bat’Goiko Tower\4.Bat’Goiko Tower.csproj", "{BC97E169-E7D6-4CD1-A899-C7EE6A39FF57}"
EndProject
Project("{FAE04EC0-301F-11D3-BF4B-00C04F79EFBC}") = "3.Card Wars", "Card Wars\3.Card Wars.csproj", "{C1D12E6D-1652-4012-92AE-ED8AF15584C3}"
EndProject
Project("{FAE04EC0-301F-11D3-BF4B-00C04F79EFBC}") = "3.Enigmanation", "Enigmanation\3.Enigmanation.csproj", "{ECC7D4CD-C27A-487F-8DB6-47CE1016F414}"
EndProject
Project("{FAE04EC0-301F-11D3-BF4B-00C04F79EFBC}") = "1.3-6-9", "3-6-9\1.3-6-9.csproj", "{829E16A8-254B-48AC-8558-2C324920C294}"
EndProject
Project("{FAE04EC0-301F-11D3-BF4B-00C04F79EFBC}") = "2.The Horror", "The Horror\2.The Horror.csproj", "{CDB31427-10A9-48EF-970A-600E9D4B342E}"
EndProject
Project("{FAE04EC0-301F-11D3-BF4B-00C04F79EFBC}") = "3.X Expression", "X Expression\3.X Expression.csproj", "{EE01E17D-B290-4FE7-B9D2-1EE02F735399}"
EndProject
Project("{FAE04EC0-301F-11D3-BF4B-00C04F79EFBC}") = "2.A-nacci", "A-nacci\2.A-nacci.csproj", "{1DB7D57F-CACC-46F5-B332-90B1506645CF}"
EndProject
Project("{FAE04EC0-301F-11D3-BF4B-00C04F79EFBC}") = "3.Excel Columns", "Excel Columns\3.Excel Columns.csproj", "{C8F17822-5359-4296-9D47-0080143CFD3E}"
EndProject
Project("{FAE04EC0-301F-11D3-BF4B-00C04F79EFBC}") = "4.Telerik Logo", "Telerik Logo\4.Telerik Logo.csproj", "{06AA9981-6ED8-49E9-BA0D-E395CBBF3E67}"
EndProject
Project("{FAE04EC0-301F-11D3-BF4B-00C04F79EFBC}") = "3.Ones and Zeros", "Ones and Zeros\3.Ones and Zeros.csproj", "{E0993B34-A8CA-4330-9320-291A956E4A6E}"
EndProject
Project("{FAE04EC0-301F-11D3-BF4B-00C04F79EFBC}") = "2.Drunken Numbers", "Drunken Numbers\2.Drunken Numbers.csproj", "{D47BE66F-259C-43F0-94D3-6200446C98F0}"
EndProject
Project("{FAE04EC0-301F-11D3-BF4B-00C04F79EFBC}") = "3.Bulls and Cows", "Bulls and Cows\3.Bulls and Cows.csproj", "{C7EAE55E-8DE6-4555-A111-11014DA8AFD3}"
EndProject
Project("{FAE04EC0-301F-11D3-BF4B-00C04F79EFBC}") = "4. Kaspichania Boats", "4. Kaspichania Boats\4. Kaspichania Boats.csproj", "{4B5D39B7-8507-4C25-AFCA-8323796668EB}"
EndProject
Project("{FAE04EC0-301F-11D3-BF4B-00C04F79EFBC}") = "4. Diamond Trolls", "4. Diamond Trolls\4. Diamond Trolls.csproj", "{3EB89EE4-4760-438A-8B26-A8CB47B25C09}"
EndProject
Project("{FAE04EC0-301F-11D3-BF4B-00C04F79EFBC}") = "4.Fire", "4.Fire\4.Fire.csproj", "{A81FF4D5-DA84-4EA9-A210-FAFB49255C8A}"
EndProject
Project("{FAE04EC0-301F-11D3-BF4B-00C04F79EFBC}") = "5.Game of Page", "5.Game of Page\5.Game of Page.csproj", "{7B704E83-E056-4B86-BA70-E5E56A4CE9DC}"
EndProject
Project("{FAE04EC0-301F-11D3-BF4B-00C04F79EFBC}") = "5.Warhead", "5.Warhead\5.Warhead.csproj", "{9DCEF672-605C-4CC8-A439-5EE9A6D7B4A5}"
EndProject
Project("{FAE04EC0-301F-11D3-BF4B-00C04F79EFBC}") = "4.Eggcelent", "4.Eggcelent\4.Eggcelent.csproj", "{216156E0-C02E-4938-9817-0A1135CACE4A}"
EndProject
Project("{FAE04EC0-301F-11D3-BF4B-00C04F79EFBC}") = "5.Na Baba Mi Smetalnika", "5.Na Baba Mi Smetalnika\5.Na Baba Mi Smetalnika.csproj", "{7CB8F470-8AB7-4DB8-BA47-E470F2F7207A}"
EndProject
Project("{FAE04EC0-301F-11D3-BF4B-00C04F79EFBC}") = "5.Neurons", "5.Neurons\5.Neurons.csproj", "{71A7F93F-303A-4A7B-9DD8-0AC3B842C0B1}"
EndProject
Project("{FAE04EC0-301F-11D3-BF4B-00C04F79EFBC}") = "5.Bittris", "5.Bittris\5.Bittris.csproj", "{3694D29A-5A88-4E78-9363-6934DB3DC949}"
EndProject
Project("{FAE04EC0-301F-11D3-BF4B-00C04F79EFBC}") = "2.Tribonacci Triangle", "2.Tribonacci Triangle\2.Tribonacci Triangle.csproj", "{147D4C3A-3571-45D1-A399-B395062E22FC}"
EndProject
Project("{FAE04EC0-301F-11D3-BF4B-00C04F79EFBC}") = "3.Sheets", "3.Sheets\3.Sheets.csproj", "{92FB8F22-2006-4EE8-A328-F4400A791366}"
EndProject
Project("{FAE04EC0-301F-11D3-BF4B-00C04F79EFBC}") = "4.Carpets", "4.Carpets\4.Carpets.csproj", "{0BEE2B14-7557-4A46-ABD0-EDCF52FDE548}"
EndProject
Project("{FAE04EC0-301F-11D3-BF4B-00C04F79EFBC}") = "5.FormulaBit", "5.FormulaBit\5.FormulaBit.csproj", "{7C4E561D-6394-488B-B656-829D1B66CDB9}"
EndProject
Project("{FAE04EC0-301F-11D3-BF4B-00C04F79EFBC}") = "5.Bit Ball", "5.Bit Ball\5.Bit Ball.csproj", "{9D0DECE4-EE6D-49DF-9701-92859A1099DD}"
EndProject
Project("{FAE04EC0-301F-11D3-BF4B-00C04F79EFBC}") = "2. Quadronacci Rectangle", "2. Quadronacci Rectangle\2. Quadronacci Rectangle.csproj", "{6B18D424-A19D-4D1E-B50A-0CFE97FC320F}"
EndProject
Project("{FAE04EC0-301F-11D3-BF4B-00C04F79EFBC}") = "3.Poker", "3.Poker\3.Poker.csproj", "{0A7C4140-63E1-47B7-BD66-E3686532A235}"
EndProject
Project("{FAE04EC0-301F-11D3-BF4B-00C04F79EFBC}") = "4.UK Flag", "4.UK Flag\4.UK Flag.csproj", "{BBE5D938-84FD-4250-9953-FF1B7BDA2737}"
EndProject
Project("{FAE04EC0-301F-11D3-BF4B-00C04F79EFBC}") = "5.Angry Bits", "5.Angry Bits\5.Angry Bits.csproj", "{944AE725-1535-4E94-919E-21F80BFD2D4F}"
EndProject
Global
	GlobalSection(SolutionConfigurationPlatforms) = preSolution
		Debug|Any CPU = Debug|Any CPU
		Release|Any CPU = Release|Any CPU
	EndGlobalSection
	GlobalSection(ProjectConfigurationPlatforms) = postSolution
		{17CE03A2-B1F0-47C7-AEE8-F777A33EB6BE}.Debug|Any CPU.ActiveCfg = Debug|Any CPU
		{17CE03A2-B1F0-47C7-AEE8-F777A33EB6BE}.Debug|Any CPU.Build.0 = Debug|Any CPU
		{17CE03A2-B1F0-47C7-AEE8-F777A33EB6BE}.Release|Any CPU.ActiveCfg = Release|Any CPU
		{17CE03A2-B1F0-47C7-AEE8-F777A33EB6BE}.Release|Any CPU.Build.0 = Release|Any CPU
		{F67E541B-B0DA-43D7-956C-B3D865921A36}.Debug|Any CPU.ActiveCfg = Debug|Any CPU
		{F67E541B-B0DA-43D7-956C-B3D865921A36}.Debug|Any CPU.Build.0 = Debug|Any CPU
		{F67E541B-B0DA-43D7-956C-B3D865921A36}.Release|Any CPU.ActiveCfg = Release|Any CPU
		{F67E541B-B0DA-43D7-956C-B3D865921A36}.Release|Any CPU.Build.0 = Release|Any CPU
		{B6073EB5-FECC-4A01-914A-DC408F2EAC2A}.Debug|Any CPU.ActiveCfg = Debug|Any CPU
		{B6073EB5-FECC-4A01-914A-DC408F2EAC2A}.Debug|Any CPU.Build.0 = Debug|Any CPU
		{B6073EB5-FECC-4A01-914A-DC408F2EAC2A}.Release|Any CPU.ActiveCfg = Release|Any CPU
		{B6073EB5-FECC-4A01-914A-DC408F2EAC2A}.Release|Any CPU.Build.0 = Release|Any CPU
		{CF09F755-5F04-423F-9A39-49D9096562B3}.Debug|Any CPU.ActiveCfg = Debug|Any CPU
		{CF09F755-5F04-423F-9A39-49D9096562B3}.Debug|Any CPU.Build.0 = Debug|Any CPU
		{CF09F755-5F04-423F-9A39-49D9096562B3}.Release|Any CPU.ActiveCfg = Release|Any CPU
		{CF09F755-5F04-423F-9A39-49D9096562B3}.Release|Any CPU.Build.0 = Release|Any CPU
		{42B477D6-9686-41B1-B8E5-0890F6AE2702}.Debug|Any CPU.ActiveCfg = Debug|Any CPU
		{42B477D6-9686-41B1-B8E5-0890F6AE2702}.Debug|Any CPU.Build.0 = Debug|Any CPU
		{42B477D6-9686-41B1-B8E5-0890F6AE2702}.Release|Any CPU.ActiveCfg = Release|Any CPU
		{42B477D6-9686-41B1-B8E5-0890F6AE2702}.Release|Any CPU.Build.0 = Release|Any CPU
		{077AC899-367F-454D-97D1-95862E4065D0}.Debug|Any CPU.ActiveCfg = Debug|Any CPU
		{077AC899-367F-454D-97D1-95862E4065D0}.Debug|Any CPU.Build.0 = Debug|Any CPU
		{077AC899-367F-454D-97D1-95862E4065D0}.Release|Any CPU.ActiveCfg = Release|Any CPU
		{077AC899-367F-454D-97D1-95862E4065D0}.Release|Any CPU.Build.0 = Release|Any CPU
		{38FB2EBA-6112-4929-8091-5CBD5ED991AF}.Debug|Any CPU.ActiveCfg = Debug|Any CPU
		{38FB2EBA-6112-4929-8091-5CBD5ED991AF}.Debug|Any CPU.Build.0 = Debug|Any CPU
		{38FB2EBA-6112-4929-8091-5CBD5ED991AF}.Release|Any CPU.ActiveCfg = Release|Any CPU
		{38FB2EBA-6112-4929-8091-5CBD5ED991AF}.Release|Any CPU.Build.0 = Release|Any CPU
		{7CFCAFBA-A198-45D9-A17D-77378ED97330}.Debug|Any CPU.ActiveCfg = Debug|Any CPU
		{7CFCAFBA-A198-45D9-A17D-77378ED97330}.Debug|Any CPU.Build.0 = Debug|Any CPU
		{7CFCAFBA-A198-45D9-A17D-77378ED97330}.Release|Any CPU.ActiveCfg = Release|Any CPU
		{7CFCAFBA-A198-45D9-A17D-77378ED97330}.Release|Any CPU.Build.0 = Release|Any CPU
		{C50BF494-6A19-4103-95FD-0782F1EF6921}.Debug|Any CPU.ActiveCfg = Debug|Any CPU
		{C50BF494-6A19-4103-95FD-0782F1EF6921}.Debug|Any CPU.Build.0 = Debug|Any CPU
		{C50BF494-6A19-4103-95FD-0782F1EF6921}.Release|Any CPU.ActiveCfg = Release|Any CPU
		{C50BF494-6A19-4103-95FD-0782F1EF6921}.Release|Any CPU.Build.0 = Release|Any CPU
		{0350D491-D43F-4980-BE7F-B3E563E1B974}.Debug|Any CPU.ActiveCfg = Debug|Any CPU
		{0350D491-D43F-4980-BE7F-B3E563E1B974}.Debug|Any CPU.Build.0 = Debug|Any CPU
		{0350D491-D43F-4980-BE7F-B3E563E1B974}.Release|Any CPU.ActiveCfg = Release|Any CPU
		{0350D491-D43F-4980-BE7F-B3E563E1B974}.Release|Any CPU.Build.0 = Release|Any CPU
		{BC97E169-E7D6-4CD1-A899-C7EE6A39FF57}.Debug|Any CPU.ActiveCfg = Debug|Any CPU
		{BC97E169-E7D6-4CD1-A899-C7EE6A39FF57}.Debug|Any CPU.Build.0 = Debug|Any CPU
		{BC97E169-E7D6-4CD1-A899-C7EE6A39FF57}.Release|Any CPU.ActiveCfg = Release|Any CPU
		{BC97E169-E7D6-4CD1-A899-C7EE6A39FF57}.Release|Any CPU.Build.0 = Release|Any CPU
		{C1D12E6D-1652-4012-92AE-ED8AF15584C3}.Debug|Any CPU.ActiveCfg = Debug|Any CPU
		{C1D12E6D-1652-4012-92AE-ED8AF15584C3}.Debug|Any CPU.Build.0 = Debug|Any CPU
		{C1D12E6D-1652-4012-92AE-ED8AF15584C3}.Release|Any CPU.ActiveCfg = Release|Any CPU
		{C1D12E6D-1652-4012-92AE-ED8AF15584C3}.Release|Any CPU.Build.0 = Release|Any CPU
		{ECC7D4CD-C27A-487F-8DB6-47CE1016F414}.Debug|Any CPU.ActiveCfg = Debug|Any CPU
		{ECC7D4CD-C27A-487F-8DB6-47CE1016F414}.Debug|Any CPU.Build.0 = Debug|Any CPU
		{ECC7D4CD-C27A-487F-8DB6-47CE1016F414}.Release|Any CPU.ActiveCfg = Release|Any CPU
		{ECC7D4CD-C27A-487F-8DB6-47CE1016F414}.Release|Any CPU.Build.0 = Release|Any CPU
		{829E16A8-254B-48AC-8558-2C324920C294}.Debug|Any CPU.ActiveCfg = Debug|Any CPU
		{829E16A8-254B-48AC-8558-2C324920C294}.Debug|Any CPU.Build.0 = Debug|Any CPU
		{829E16A8-254B-48AC-8558-2C324920C294}.Release|Any CPU.ActiveCfg = Release|Any CPU
		{829E16A8-254B-48AC-8558-2C324920C294}.Release|Any CPU.Build.0 = Release|Any CPU
		{CDB31427-10A9-48EF-970A-600E9D4B342E}.Debug|Any CPU.ActiveCfg = Debug|Any CPU
		{CDB31427-10A9-48EF-970A-600E9D4B342E}.Debug|Any CPU.Build.0 = Debug|Any CPU
		{CDB31427-10A9-48EF-970A-600E9D4B342E}.Release|Any CPU.ActiveCfg = Release|Any CPU
		{CDB31427-10A9-48EF-970A-600E9D4B342E}.Release|Any CPU.Build.0 = Release|Any CPU
		{EE01E17D-B290-4FE7-B9D2-1EE02F735399}.Debug|Any CPU.ActiveCfg = Debug|Any CPU
		{EE01E17D-B290-4FE7-B9D2-1EE02F735399}.Debug|Any CPU.Build.0 = Debug|Any CPU
		{EE01E17D-B290-4FE7-B9D2-1EE02F735399}.Release|Any CPU.ActiveCfg = Release|Any CPU
		{EE01E17D-B290-4FE7-B9D2-1EE02F735399}.Release|Any CPU.Build.0 = Release|Any CPU
		{1DB7D57F-CACC-46F5-B332-90B1506645CF}.Debug|Any CPU.ActiveCfg = Debug|Any CPU
		{1DB7D57F-CACC-46F5-B332-90B1506645CF}.Debug|Any CPU.Build.0 = Debug|Any CPU
		{1DB7D57F-CACC-46F5-B332-90B1506645CF}.Release|Any CPU.ActiveCfg = Release|Any CPU
		{1DB7D57F-CACC-46F5-B332-90B1506645CF}.Release|Any CPU.Build.0 = Release|Any CPU
		{C8F17822-5359-4296-9D47-0080143CFD3E}.Debug|Any CPU.ActiveCfg = Debug|Any CPU
		{C8F17822-5359-4296-9D47-0080143CFD3E}.Debug|Any CPU.Build.0 = Debug|Any CPU
		{C8F17822-5359-4296-9D47-0080143CFD3E}.Release|Any CPU.ActiveCfg = Release|Any CPU
		{C8F17822-5359-4296-9D47-0080143CFD3E}.Release|Any CPU.Build.0 = Release|Any CPU
		{06AA9981-6ED8-49E9-BA0D-E395CBBF3E67}.Debug|Any CPU.ActiveCfg = Debug|Any CPU
		{06AA9981-6ED8-49E9-BA0D-E395CBBF3E67}.Debug|Any CPU.Build.0 = Debug|Any CPU
		{06AA9981-6ED8-49E9-BA0D-E395CBBF3E67}.Release|Any CPU.ActiveCfg = Release|Any CPU
		{06AA9981-6ED8-49E9-BA0D-E395CBBF3E67}.Release|Any CPU.Build.0 = Release|Any CPU
		{E0993B34-A8CA-4330-9320-291A956E4A6E}.Debug|Any CPU.ActiveCfg = Debug|Any CPU
		{E0993B34-A8CA-4330-9320-291A956E4A6E}.Debug|Any CPU.Build.0 = Debug|Any CPU
		{E0993B34-A8CA-4330-9320-291A956E4A6E}.Release|Any CPU.ActiveCfg = Release|Any CPU
		{E0993B34-A8CA-4330-9320-291A956E4A6E}.Release|Any CPU.Build.0 = Release|Any CPU
		{D47BE66F-259C-43F0-94D3-6200446C98F0}.Debug|Any CPU.ActiveCfg = Debug|Any CPU
		{D47BE66F-259C-43F0-94D3-6200446C98F0}.Debug|Any CPU.Build.0 = Debug|Any CPU
		{D47BE66F-259C-43F0-94D3-6200446C98F0}.Release|Any CPU.ActiveCfg = Release|Any CPU
		{D47BE66F-259C-43F0-94D3-6200446C98F0}.Release|Any CPU.Build.0 = Release|Any CPU
		{C7EAE55E-8DE6-4555-A111-11014DA8AFD3}.Debug|Any CPU.ActiveCfg = Debug|Any CPU
		{C7EAE55E-8DE6-4555-A111-11014DA8AFD3}.Debug|Any CPU.Build.0 = Debug|Any CPU
		{C7EAE55E-8DE6-4555-A111-11014DA8AFD3}.Release|Any CPU.ActiveCfg = Release|Any CPU
		{C7EAE55E-8DE6-4555-A111-11014DA8AFD3}.Release|Any CPU.Build.0 = Release|Any CPU
		{4B5D39B7-8507-4C25-AFCA-8323796668EB}.Debug|Any CPU.ActiveCfg = Debug|Any CPU
		{4B5D39B7-8507-4C25-AFCA-8323796668EB}.Debug|Any CPU.Build.0 = Debug|Any CPU
		{4B5D39B7-8507-4C25-AFCA-8323796668EB}.Release|Any CPU.ActiveCfg = Release|Any CPU
		{4B5D39B7-8507-4C25-AFCA-8323796668EB}.Release|Any CPU.Build.0 = Release|Any CPU
		{3EB89EE4-4760-438A-8B26-A8CB47B25C09}.Debug|Any CPU.ActiveCfg = Debug|Any CPU
		{3EB89EE4-4760-438A-8B26-A8CB47B25C09}.Debug|Any CPU.Build.0 = Debug|Any CPU
		{3EB89EE4-4760-438A-8B26-A8CB47B25C09}.Release|Any CPU.ActiveCfg = Release|Any CPU
		{3EB89EE4-4760-438A-8B26-A8CB47B25C09}.Release|Any CPU.Build.0 = Release|Any CPU
		{A81FF4D5-DA84-4EA9-A210-FAFB49255C8A}.Debug|Any CPU.ActiveCfg = Debug|Any CPU
		{A81FF4D5-DA84-4EA9-A210-FAFB49255C8A}.Debug|Any CPU.Build.0 = Debug|Any CPU
		{A81FF4D5-DA84-4EA9-A210-FAFB49255C8A}.Release|Any CPU.ActiveCfg = Release|Any CPU
		{A81FF4D5-DA84-4EA9-A210-FAFB49255C8A}.Release|Any CPU.Build.0 = Release|Any CPU
		{7B704E83-E056-4B86-BA70-E5E56A4CE9DC}.Debug|Any CPU.ActiveCfg = Debug|Any CPU
		{7B704E83-E056-4B86-BA70-E5E56A4CE9DC}.Debug|Any CPU.Build.0 = Debug|Any CPU
		{7B704E83-E056-4B86-BA70-E5E56A4CE9DC}.Release|Any CPU.ActiveCfg = Release|Any CPU
		{7B704E83-E056-4B86-BA70-E5E56A4CE9DC}.Release|Any CPU.Build.0 = Release|Any CPU
		{9DCEF672-605C-4CC8-A439-5EE9A6D7B4A5}.Debug|Any CPU.ActiveCfg = Debug|Any CPU
		{9DCEF672-605C-4CC8-A439-5EE9A6D7B4A5}.Debug|Any CPU.Build.0 = Debug|Any CPU
		{9DCEF672-605C-4CC8-A439-5EE9A6D7B4A5}.Release|Any CPU.ActiveCfg = Release|Any CPU
		{9DCEF672-605C-4CC8-A439-5EE9A6D7B4A5}.Release|Any CPU.Build.0 = Release|Any CPU
		{216156E0-C02E-4938-9817-0A1135CACE4A}.Debug|Any CPU.ActiveCfg = Debug|Any CPU
		{216156E0-C02E-4938-9817-0A1135CACE4A}.Debug|Any CPU.Build.0 = Debug|Any CPU
		{216156E0-C02E-4938-9817-0A1135CACE4A}.Release|Any CPU.ActiveCfg = Release|Any CPU
		{216156E0-C02E-4938-9817-0A1135CACE4A}.Release|Any CPU.Build.0 = Release|Any CPU
		{7CB8F470-8AB7-4DB8-BA47-E470F2F7207A}.Debug|Any CPU.ActiveCfg = Debug|Any CPU
		{7CB8F470-8AB7-4DB8-BA47-E470F2F7207A}.Debug|Any CPU.Build.0 = Debug|Any CPU
		{7CB8F470-8AB7-4DB8-BA47-E470F2F7207A}.Release|Any CPU.ActiveCfg = Release|Any CPU
		{7CB8F470-8AB7-4DB8-BA47-E470F2F7207A}.Release|Any CPU.Build.0 = Release|Any CPU
		{71A7F93F-303A-4A7B-9DD8-0AC3B842C0B1}.Debug|Any CPU.ActiveCfg = Debug|Any CPU
		{71A7F93F-303A-4A7B-9DD8-0AC3B842C0B1}.Debug|Any CPU.Build.0 = Debug|Any CPU
		{71A7F93F-303A-4A7B-9DD8-0AC3B842C0B1}.Release|Any CPU.ActiveCfg = Release|Any CPU
		{71A7F93F-303A-4A7B-9DD8-0AC3B842C0B1}.Release|Any CPU.Build.0 = Release|Any CPU
		{3694D29A-5A88-4E78-9363-6934DB3DC949}.Debug|Any CPU.ActiveCfg = Debug|Any CPU
		{3694D29A-5A88-4E78-9363-6934DB3DC949}.Debug|Any CPU.Build.0 = Debug|Any CPU
		{3694D29A-5A88-4E78-9363-6934DB3DC949}.Release|Any CPU.ActiveCfg = Release|Any CPU
		{3694D29A-5A88-4E78-9363-6934DB3DC949}.Release|Any CPU.Build.0 = Release|Any CPU
		{147D4C3A-3571-45D1-A399-B395062E22FC}.Debug|Any CPU.ActiveCfg = Debug|Any CPU
		{147D4C3A-3571-45D1-A399-B395062E22FC}.Debug|Any CPU.Build.0 = Debug|Any CPU
		{147D4C3A-3571-45D1-A399-B395062E22FC}.Release|Any CPU.ActiveCfg = Release|Any CPU
		{147D4C3A-3571-45D1-A399-B395062E22FC}.Release|Any CPU.Build.0 = Release|Any CPU
		{92FB8F22-2006-4EE8-A328-F4400A791366}.Debug|Any CPU.ActiveCfg = Debug|Any CPU
		{92FB8F22-2006-4EE8-A328-F4400A791366}.Debug|Any CPU.Build.0 = Debug|Any CPU
		{92FB8F22-2006-4EE8-A328-F4400A791366}.Release|Any CPU.ActiveCfg = Release|Any CPU
		{92FB8F22-2006-4EE8-A328-F4400A791366}.Release|Any CPU.Build.0 = Release|Any CPU
		{0BEE2B14-7557-4A46-ABD0-EDCF52FDE548}.Debug|Any CPU.ActiveCfg = Debug|Any CPU
		{0BEE2B14-7557-4A46-ABD0-EDCF52FDE548}.Debug|Any CPU.Build.0 = Debug|Any CPU
		{0BEE2B14-7557-4A46-ABD0-EDCF52FDE548}.Release|Any CPU.ActiveCfg = Release|Any CPU
		{0BEE2B14-7557-4A46-ABD0-EDCF52FDE548}.Release|Any CPU.Build.0 = Release|Any CPU
		{7C4E561D-6394-488B-B656-829D1B66CDB9}.Debug|Any CPU.ActiveCfg = Debug|Any CPU
		{7C4E561D-6394-488B-B656-829D1B66CDB9}.Debug|Any CPU.Build.0 = Debug|Any CPU
		{7C4E561D-6394-488B-B656-829D1B66CDB9}.Release|Any CPU.ActiveCfg = Release|Any CPU
		{7C4E561D-6394-488B-B656-829D1B66CDB9}.Release|Any CPU.Build.0 = Release|Any CPU
		{9D0DECE4-EE6D-49DF-9701-92859A1099DD}.Debug|Any CPU.ActiveCfg = Debug|Any CPU
		{9D0DECE4-EE6D-49DF-9701-92859A1099DD}.Debug|Any CPU.Build.0 = Debug|Any CPU
		{9D0DECE4-EE6D-49DF-9701-92859A1099DD}.Release|Any CPU.ActiveCfg = Release|Any CPU
		{9D0DECE4-EE6D-49DF-9701-92859A1099DD}.Release|Any CPU.Build.0 = Release|Any CPU
		{6B18D424-A19D-4D1E-B50A-0CFE97FC320F}.Debug|Any CPU.ActiveCfg = Debug|Any CPU
		{6B18D424-A19D-4D1E-B50A-0CFE97FC320F}.Debug|Any CPU.Build.0 = Debug|Any CPU
		{6B18D424-A19D-4D1E-B50A-0CFE97FC320F}.Release|Any CPU.ActiveCfg = Release|Any CPU
		{6B18D424-A19D-4D1E-B50A-0CFE97FC320F}.Release|Any CPU.Build.0 = Release|Any CPU
		{0A7C4140-63E1-47B7-BD66-E3686532A235}.Debug|Any CPU.ActiveCfg = Debug|Any CPU
		{0A7C4140-63E1-47B7-BD66-E3686532A235}.Debug|Any CPU.Build.0 = Debug|Any CPU
		{0A7C4140-63E1-47B7-BD66-E3686532A235}.Release|Any CPU.ActiveCfg = Release|Any CPU
		{0A7C4140-63E1-47B7-BD66-E3686532A235}.Release|Any CPU.Build.0 = Release|Any CPU
		{BBE5D938-84FD-4250-9953-FF1B7BDA2737}.Debug|Any CPU.ActiveCfg = Debug|Any CPU
		{BBE5D938-84FD-4250-9953-FF1B7BDA2737}.Debug|Any CPU.Build.0 = Debug|Any CPU
		{BBE5D938-84FD-4250-9953-FF1B7BDA2737}.Release|Any CPU.ActiveCfg = Release|Any CPU
		{BBE5D938-84FD-4250-9953-FF1B7BDA2737}.Release|Any CPU.Build.0 = Release|Any CPU
		{944AE725-1535-4E94-919E-21F80BFD2D4F}.Debug|Any CPU.ActiveCfg = Debug|Any CPU
		{944AE725-1535-4E94-919E-21F80BFD2D4F}.Debug|Any CPU.Build.0 = Debug|Any CPU
		{944AE725-1535-4E94-919E-21F80BFD2D4F}.Release|Any CPU.ActiveCfg = Release|Any CPU
		{944AE725-1535-4E94-919E-21F80BFD2D4F}.Release|Any CPU.Build.0 = Release|Any CPU
	EndGlobalSection
	GlobalSection(SolutionProperties) = preSolution
		HideSolutionNode = FALSE
	EndGlobalSection
EndGlobal
