
Microsoft Visual Studio Solution File, Format Version 12.00
# Visual Studio 2012
Project("{FAE04EC0-301F-11D3-BF4B-00C04F79EFBC}") = "Bittris_Bits", "Bittris_Bits\Bittris_Bits.csproj", "{3DCF3563-12A8-43B8-99D8-4A3E14B8F7C9}"
EndProject
Project("{FAE04EC0-301F-11D3-BF4B-00C04F79EFBC}") = "DwarfConsoleGame", "DwarfConsoleGame\DwarfConsoleGame.csproj", "{0D8BB076-124B-4A11-BB72-0B22E15A5C25}"
EndProject
Project("{FAE04EC0-301F-11D3-BF4B-00C04F79EFBC}") = "TheHorror", "TheHorror\TheHorror.csproj", "{63F59506-520A-4468-8EAD-EE61E4C18998}"
EndProject
Project("{FAE04EC0-301F-11D3-BF4B-00C04F79EFBC}") = "2-4-8", "2-4-8\2-4-8.csproj", "{16F84088-B2B0-46E1-A0DD-864B9AA50514}"
EndProject
Project("{FAE04EC0-301F-11D3-BF4B-00C04F79EFBC}") = "Nightmare_on_Code_Street", "Nightmare_on_Code_Street\Nightmare_on_Code_Street.csproj", "{543985E0-E7F2-425F-92B1-AC6734475EC9}"
EndProject
Project("{FAE04EC0-301F-11D3-BF4B-00C04F79EFBC}") = "Enigmanation", "Enigmanation\Enigmanation.csproj", "{5F1F77B5-507A-4EA9-B266-E496DCB1DA0E}"
EndProject
Project("{FAE04EC0-301F-11D3-BF4B-00C04F79EFBC}") = "Peace_of_Cake", "Peace_of_Cake\Peace_of_Cake.csproj", "{0C08231F-2721-4A2E-8EE0-AF20D5251EFF}"
EndProject
Project("{FAE04EC0-301F-11D3-BF4B-00C04F79EFBC}") = "Cartesian_Coordinate_System", "Cartesian_Coordinate_System\Cartesian_Coordinate_System.csproj", "{C9143837-F013-4196-A9C7-0FABCD729F57}"
EndProject
Project("{FAE04EC0-301F-11D3-BF4B-00C04F79EFBC}") = "Miss_Cat_2011", "Miss_Cat_2011\Miss_Cat_2011.csproj", "{82E0A052-0A47-4E5F-B5A7-4E1158697D7B}"
EndProject
Project("{FAE04EC0-301F-11D3-BF4B-00C04F79EFBC}") = "Forest_Road", "Forest_Road\Forest_Road.csproj", "{8A201900-965D-4171-9623-6247E44650BF}"
EndProject
Project("{FAE04EC0-301F-11D3-BF4B-00C04F79EFBC}") = "Binary_Digits_Count", "Binary_Digits_Count\Binary_Digits_Count.csproj", "{8812717B-1B2C-49FC-A1E8-1BE5AB46F002}"
EndProject
Project("{FAE04EC0-301F-11D3-BF4B-00C04F79EFBC}") = "Subset_Sums", "Subset_Sums\Subset_Sums.csproj", "{A8C0135A-BB6C-4421-B199-75831CA9BF98}"
EndProject
Project("{FAE04EC0-301F-11D3-BF4B-00C04F79EFBC}") = "3_6_9", "3_6_9\3_6_9.csproj", "{66C0481C-D8B3-41DC-819A-2356F447BB11}"
EndProject
Project("{FAE04EC0-301F-11D3-BF4B-00C04F79EFBC}") = "Ones_and_Zero", "Ones_and_Zero\Ones_and_Zero.csproj", "{6C49E3B1-93D3-4243-AA9D-72896D97C5FA}"
EndProject
Project("{FAE04EC0-301F-11D3-BF4B-00C04F79EFBC}") = "X_Expression", "X_Expression\X_Expression.csproj", "{8F906A0C-82C4-410A-808C-821FEB850419}"
EndProject
Project("{FAE04EC0-301F-11D3-BF4B-00C04F79EFBC}") = "Angry_Female_GPS", "Angry_Female_GPS\Angry_Female_GPS.csproj", "{67F23398-685D-40D9-B0FF-CE0C57C8D587}"
EndProject
Project("{FAE04EC0-301F-11D3-BF4B-00C04F79EFBC}") = "Eggcelent", "Eggcelent\Eggcelent.csproj", "{89EF75FF-D02E-41C4-BEA8-6EA812F46B7A}"
EndProject
Project("{FAE04EC0-301F-11D3-BF4B-00C04F79EFBC}") = "Diamond_Trolls", "Diamond_Trolls\Diamond_Trolls.csproj", "{81692497-6B8B-4E6A-8887-B898171156D1}"
EndProject
Project("{FAE04EC0-301F-11D3-BF4B-00C04F79EFBC}") = "Maximal_Path", "Maximal_Path\Maximal_Path.csproj", "{6D740AFE-C3D3-4A8B-AB2D-3FB5897D7399}"
EndProject
Project("{2150E333-8FDC-42A3-9474-1A3956D46DE8}") = "Helpers", "Helpers", "{653ECF2B-6935-43BA-9897-678E6609FF90}"
EndProject
Project("{FAE04EC0-301F-11D3-BF4B-00C04F79EFBC}") = "Helper", "Helper\Helper.csproj", "{F291897B-8D49-4960-BCF7-1BDEF5C4C806}"
EndProject
Project("{FAE04EC0-301F-11D3-BF4B-00C04F79EFBC}") = "Sudoku", "Sudoku\Sudoku.csproj", "{6FD6FE4A-A987-4A6E-8A0E-827A05E75477}"
EndProject
Project("{FAE04EC0-301F-11D3-BF4B-00C04F79EFBC}") = "Recursion_Numbers1-100", "Recursion_Numbers1-100\Recursion_Numbers1-100.csproj", "{56C7A40A-F00D-43FE-889C-BD0AFE442DB9}"
EndProject
Project("{FAE04EC0-301F-11D3-BF4B-00C04F79EFBC}") = "Basic_Basic", "Basic_Basic\Basic_Basic.csproj", "{19E24CCE-8FB5-45BE-99D5-AB697F22787A}"
EndProject
Project("{FAE04EC0-301F-11D3-BF4B-00C04F79EFBC}") = "Academy_Tasks", "Academy_Tasks\Academy_Tasks.csproj", "{8439EBA6-7479-417F-AB41-8F2E33F39090}"
EndProject
Project("{FAE04EC0-301F-11D3-BF4B-00C04F79EFBC}") = "StrangeLand_Numbers", "StrangeLand_Numbers\StrangeLand_Numbers.csproj", "{5A285F4E-AE21-4B54-901E-7B95CB0C56BC}"
EndProject
Project("{FAE04EC0-301F-11D3-BF4B-00C04F79EFBC}") = "Two_Girls_One_Path", "Two_Girls_One_Path\Two_Girls_One_Path.csproj", "{C01068B3-359E-4936-8416-09AA8590170D}"
EndProject
Project("{FAE04EC0-301F-11D3-BF4B-00C04F79EFBC}") = "Astrological_Digits", "Astrological_Digits\Astrological_Digits.csproj", "{FAE2D973-E5A8-450F-AC85-0FDAEAB793CE}"
EndProject
Project("{FAE04EC0-301F-11D3-BF4B-00C04F79EFBC}") = "Sand_Glass", "Sand_Glass\Sand_Glass.csproj", "{12CDA3BF-71DE-45E2-B8C8-7ECC00FF5728}"
EndProject
Project("{FAE04EC0-301F-11D3-BF4B-00C04F79EFBC}") = "Online_Market", "Online_Market\Online_Market.csproj", "{30000696-5DC7-4622-AEFF-25193872648B}"
EndProject
Project("{FAE04EC0-301F-11D3-BF4B-00C04F79EFBC}") = "Furniture", "Furniture\Furniture.csproj", "{F82BF59A-E2E3-43CB-AE58-D5189E32B6D7}"
EndProject
Project("{FAE04EC0-301F-11D3-BF4B-00C04F79EFBC}") = "Symbol to Number", "Problem 2 – Symbol to Number\Symbol to Number.csproj", "{AA6F84A4-4371-4DBE-BBB7-B62C45BA0018}"
EndProject
Project("{FAE04EC0-301F-11D3-BF4B-00C04F79EFBC}") = "Text to Number", "Text to Number\Text to Number.csproj", "{1BC31A54-0983-4391-BC84-FD5162163300}"
EndProject
Project("{FAE04EC0-301F-11D3-BF4B-00C04F79EFBC}") = "Saddy Kopper", "Saddy Kopper\Saddy Kopper.csproj", "{195F6510-5A2F-4C87-928F-84E4A76D919F}"
EndProject
Global
	GlobalSection(TeamFoundationVersionControl) = preSolution
		SccNumberOfProjects = 32
		SccEnterpriseProvider = {4CA58AB2-18FA-4F8D-95D4-32DDF27D184C}
		SccTeamFoundationServer = http://78.90.80.187:8080/tfs/defaultcollection
		SccProjectUniqueName0 = Bittris_Bits\\Bittris_Bits.csproj
		SccProjectName0 = Bittris_Bits
		SccAuxPath0 = http://78.90.80.187:8080/tfs/defaultcollection
		SccLocalPath0 = Bittris_Bits
		SccProvider0 = {4CA58AB2-18FA-4F8D-95D4-32DDF27D184C}
		SccProjectUniqueName1 = DwarfConsoleGame\\DwarfConsoleGame.csproj
		SccProjectName1 = DwarfConsoleGame
		SccAuxPath1 = http://78.90.80.187:8080/tfs/defaultcollection
		SccLocalPath1 = DwarfConsoleGame
		SccProvider1 = {4CA58AB2-18FA-4F8D-95D4-32DDF27D184C}
		SccProjectUniqueName2 = TheHorror\\TheHorror.csproj
		SccProjectName2 = TheHorror
		SccAuxPath2 = http://78.90.80.187:8080/tfs/defaultcollection
		SccLocalPath2 = TheHorror
		SccProvider2 = {4CA58AB2-18FA-4F8D-95D4-32DDF27D184C}
		SccProjectUniqueName3 = 2-4-8\\2-4-8.csproj
		SccProjectName3 = 2-4-8
		SccAuxPath3 = http://78.90.80.187:8080/tfs/defaultcollection
		SccLocalPath3 = 2-4-8
		SccProvider3 = {4CA58AB2-18FA-4F8D-95D4-32DDF27D184C}
		SccProjectUniqueName4 = Nightmare_on_Code_Street\\Nightmare_on_Code_Street.csproj
		SccProjectName4 = Nightmare_on_Code_Street
		SccAuxPath4 = http://78.90.80.187:8080/tfs/defaultcollection
		SccLocalPath4 = Nightmare_on_Code_Street
		SccProvider4 = {4CA58AB2-18FA-4F8D-95D4-32DDF27D184C}
		SccProjectUniqueName5 = Enigmanation\\Enigmanation.csproj
		SccProjectName5 = Enigmanation
		SccAuxPath5 = http://78.90.80.187:8080/tfs/defaultcollection
		SccLocalPath5 = Enigmanation
		SccProvider5 = {4CA58AB2-18FA-4F8D-95D4-32DDF27D184C}
		SccProjectUniqueName6 = Peace_of_Cake\\Peace_of_Cake.csproj
		SccProjectName6 = Peace_of_Cake
		SccAuxPath6 = http://78.90.80.187:8080/tfs/defaultcollection
		SccLocalPath6 = Peace_of_Cake
		SccProvider6 = {4CA58AB2-18FA-4F8D-95D4-32DDF27D184C}
		SccProjectUniqueName7 = Cartesian_Coordinate_System\\Cartesian_Coordinate_System.csproj
		SccProjectName7 = Cartesian_Coordinate_System
		SccAuxPath7 = http://78.90.80.187:8080/tfs/defaultcollection
		SccLocalPath7 = Cartesian_Coordinate_System
		SccProvider7 = {4CA58AB2-18FA-4F8D-95D4-32DDF27D184C}
		SccProjectUniqueName8 = Miss_Cat_2011\\Miss_Cat_2011.csproj
		SccProjectName8 = Miss_Cat_2011
		SccAuxPath8 = http://78.90.80.187:8080/tfs/defaultcollection
		SccLocalPath8 = Miss_Cat_2011
		SccProvider8 = {4CA58AB2-18FA-4F8D-95D4-32DDF27D184C}
		SccProjectUniqueName9 = Forest_Road\\Forest_Road.csproj
		SccProjectName9 = Forest_Road
		SccAuxPath9 = http://78.90.80.187:8080/tfs/defaultcollection
		SccLocalPath9 = Forest_Road
		SccProvider9 = {4CA58AB2-18FA-4F8D-95D4-32DDF27D184C}
		SccProjectUniqueName10 = Binary_Digits_Count\\Binary_Digits_Count.csproj
		SccProjectName10 = Binary_Digits_Count
		SccAuxPath10 = http://78.90.80.187:8080/tfs/defaultcollection
		SccLocalPath10 = Binary_Digits_Count
		SccProvider10 = {4CA58AB2-18FA-4F8D-95D4-32DDF27D184C}
		SccProjectUniqueName11 = Subset_Sums\\Subset_Sums.csproj
		SccProjectName11 = Subset_Sums
		SccAuxPath11 = http://78.90.80.187:8080/tfs/defaultcollection
		SccLocalPath11 = Subset_Sums
		SccProvider11 = {4CA58AB2-18FA-4F8D-95D4-32DDF27D184C}
		SccProjectUniqueName12 = 3_6_9\\3_6_9.csproj
		SccProjectName12 = 3_6_9
		SccAuxPath12 = http://78.90.80.187:8080/tfs/defaultcollection
		SccLocalPath12 = 3_6_9
		SccProvider12 = {4CA58AB2-18FA-4F8D-95D4-32DDF27D184C}
		SccProjectUniqueName13 = Ones_and_Zero\\Ones_and_Zero.csproj
		SccProjectName13 = Ones_and_Zero
		SccAuxPath13 = http://78.90.80.187:8080/tfs/defaultcollection
		SccLocalPath13 = Ones_and_Zero
		SccProvider13 = {4CA58AB2-18FA-4F8D-95D4-32DDF27D184C}
		SccProjectUniqueName14 = X_Expression\\X_Expression.csproj
		SccProjectName14 = X_Expression
		SccAuxPath14 = http://78.90.80.187:8080/tfs/defaultcollection
		SccLocalPath14 = X_Expression
		SccProvider14 = {4CA58AB2-18FA-4F8D-95D4-32DDF27D184C}
		SccProjectUniqueName15 = Angry_Female_GPS\\Angry_Female_GPS.csproj
		SccProjectName15 = Angry_Female_GPS
		SccAuxPath15 = http://78.90.80.187:8080/tfs/defaultcollection
		SccLocalPath15 = Angry_Female_GPS
		SccProvider15 = {4CA58AB2-18FA-4F8D-95D4-32DDF27D184C}
		SccProjectUniqueName16 = Eggcelent\\Eggcelent.csproj
		SccProjectName16 = Eggcelent
		SccAuxPath16 = http://78.90.80.187:8080/tfs/defaultcollection
		SccLocalPath16 = Eggcelent
		SccProvider16 = {4CA58AB2-18FA-4F8D-95D4-32DDF27D184C}
		SccProjectUniqueName17 = Diamond_Trolls\\Diamond_Trolls.csproj
		SccProjectName17 = Diamond_Trolls
		SccAuxPath17 = http://78.90.80.187:8080/tfs/defaultcollection
		SccLocalPath17 = Diamond_Trolls
		SccProvider17 = {4CA58AB2-18FA-4F8D-95D4-32DDF27D184C}
		SccProjectUniqueName18 = Helper\\Helper.csproj
		SccProjectTopLevelParentUniqueName18 = BGCoderSubmisionsAndHW.sln
		SccProjectName18 = Helper
		SccAuxPath18 = http://78.90.80.187:8080/tfs/defaultcollection
		SccLocalPath18 = Helper
		SccProvider18 = {4CA58AB2-18FA-4F8D-95D4-32DDF27D184C}
		SccProjectUniqueName19 = Maximal_Path\\Maximal_Path.csproj
		SccProjectName19 = Maximal_Path
		SccAuxPath19 = http://78.90.80.187:8080/tfs/defaultcollection
		SccLocalPath19 = Maximal_Path
		SccProvider19 = {4CA58AB2-18FA-4F8D-95D4-32DDF27D184C}
		SccProjectUniqueName20 = Sudoku\\Sudoku.csproj
		SccProjectName20 = Sudoku
		SccAuxPath20 = http://78.90.80.187:8080/tfs/defaultcollection
		SccLocalPath20 = Sudoku
		SccProvider20 = {4CA58AB2-18FA-4F8D-95D4-32DDF27D184C}
		SccProjectUniqueName21 = Recursion_Numbers1-100\\Recursion_Numbers1-100.csproj
		SccProjectName21 = Recursion_Numbers1-100
		SccAuxPath21 = http://78.90.80.187:8080/tfs/defaultcollection
		SccLocalPath21 = Recursion_Numbers1-100
		SccProvider21 = {4CA58AB2-18FA-4F8D-95D4-32DDF27D184C}
		SccProjectUniqueName22 = Basic_Basic\\Basic_Basic.csproj
		SccProjectName22 = Basic_Basic
		SccAuxPath22 = http://78.90.80.187:8080/tfs/defaultcollection
		SccLocalPath22 = Basic_Basic
		SccProvider22 = {4CA58AB2-18FA-4F8D-95D4-32DDF27D184C}
		SccProjectUniqueName23 = Academy_Tasks\\Academy_Tasks.csproj
		SccProjectName23 = Academy_Tasks
		SccAuxPath23 = http://78.90.80.187:8080/tfs/defaultcollection
		SccLocalPath23 = Academy_Tasks
		SccProvider23 = {4CA58AB2-18FA-4F8D-95D4-32DDF27D184C}
		SccProjectUniqueName24 = StrangeLand_Numbers\\StrangeLand_Numbers.csproj
		SccProjectName24 = StrangeLand_Numbers
		SccAuxPath24 = http://78.90.80.187:8080/tfs/defaultcollection
		SccLocalPath24 = StrangeLand_Numbers
		SccProvider24 = {4CA58AB2-18FA-4F8D-95D4-32DDF27D184C}
		SccProjectUniqueName25 = Two_Girls_One_Path\\Two_Girls_One_Path.csproj
		SccProjectName25 = Two_Girls_One_Path
		SccAuxPath25 = http://78.90.80.187:8080/tfs/defaultcollection
		SccLocalPath25 = Two_Girls_One_Path
		SccProvider25 = {4CA58AB2-18FA-4F8D-95D4-32DDF27D184C}
		SccProjectUniqueName26 = Astrological_Digits\\Astrological_Digits.csproj
		SccProjectName26 = Astrological_Digits
		SccAuxPath26 = http://78.90.80.187:8080/tfs/defaultcollection
		SccLocalPath26 = Astrological_Digits
		SccProvider26 = {4CA58AB2-18FA-4F8D-95D4-32DDF27D184C}
		SccProjectUniqueName27 = Sand_Glass\\Sand_Glass.csproj
		SccProjectName27 = Sand_Glass
		SccAuxPath27 = http://78.90.80.187:8080/tfs/defaultcollection
		SccLocalPath27 = Sand_Glass
		SccProvider27 = {4CA58AB2-18FA-4F8D-95D4-32DDF27D184C}
		SccProjectUniqueName28 = Online_Market\\Online_Market.csproj
		SccProjectName28 = Online_Market
		SccAuxPath28 = http://78.90.80.187:8080/tfs/defaultcollection
		SccLocalPath28 = Online_Market
		SccProvider28 = {4CA58AB2-18FA-4F8D-95D4-32DDF27D184C}
		SccProjectUniqueName29 = Furniture\\Furniture.csproj
		SccProjectName29 = Furniture
		SccAuxPath29 = http://78.90.80.187:8080/tfs/defaultcollection
		SccLocalPath29 = Furniture
		SccProvider29 = {4CA58AB2-18FA-4F8D-95D4-32DDF27D184C}
		SccProjectUniqueName30 = Problem\u00202\u0020–\u0020Symbol\u0020to\u0020Number\\Symbol\u0020to\u0020Number.csproj
		SccProjectName30 = Problem\u00202\u0020–\u0020Symbol\u0020to\u0020Number
		SccAuxPath30 = http://78.90.80.187:8080/tfs/defaultcollection
		SccLocalPath30 = Problem\u00202\u0020–\u0020Symbol\u0020to\u0020Number
		SccProvider30 = {4CA58AB2-18FA-4F8D-95D4-32DDF27D184C}
		SccProjectUniqueName31 = Text\u0020to\u0020Number\\Text\u0020to\u0020Number.csproj
		SccProjectName31 = Text\u0020to\u0020Number
		SccAuxPath31 = http://78.90.80.187:8080/tfs/defaultcollection
		SccLocalPath31 = Text\u0020to\u0020Number
		SccProvider31 = {4CA58AB2-18FA-4F8D-95D4-32DDF27D184C}
	EndGlobalSection
	GlobalSection(SolutionConfigurationPlatforms) = preSolution
		Debug|Any CPU = Debug|Any CPU
		Release|Any CPU = Release|Any CPU
	EndGlobalSection
	GlobalSection(ProjectConfigurationPlatforms) = postSolution
		{3DCF3563-12A8-43B8-99D8-4A3E14B8F7C9}.Debug|Any CPU.ActiveCfg = Debug|Any CPU
		{3DCF3563-12A8-43B8-99D8-4A3E14B8F7C9}.Debug|Any CPU.Build.0 = Debug|Any CPU
		{3DCF3563-12A8-43B8-99D8-4A3E14B8F7C9}.Release|Any CPU.ActiveCfg = Release|Any CPU
		{3DCF3563-12A8-43B8-99D8-4A3E14B8F7C9}.Release|Any CPU.Build.0 = Release|Any CPU
		{0D8BB076-124B-4A11-BB72-0B22E15A5C25}.Debug|Any CPU.ActiveCfg = Debug|Any CPU
		{0D8BB076-124B-4A11-BB72-0B22E15A5C25}.Debug|Any CPU.Build.0 = Debug|Any CPU
		{0D8BB076-124B-4A11-BB72-0B22E15A5C25}.Release|Any CPU.ActiveCfg = Release|Any CPU
		{0D8BB076-124B-4A11-BB72-0B22E15A5C25}.Release|Any CPU.Build.0 = Release|Any CPU
		{63F59506-520A-4468-8EAD-EE61E4C18998}.Debug|Any CPU.ActiveCfg = Debug|Any CPU
		{63F59506-520A-4468-8EAD-EE61E4C18998}.Debug|Any CPU.Build.0 = Debug|Any CPU
		{63F59506-520A-4468-8EAD-EE61E4C18998}.Release|Any CPU.ActiveCfg = Release|Any CPU
		{63F59506-520A-4468-8EAD-EE61E4C18998}.Release|Any CPU.Build.0 = Release|Any CPU
		{16F84088-B2B0-46E1-A0DD-864B9AA50514}.Debug|Any CPU.ActiveCfg = Debug|Any CPU
		{16F84088-B2B0-46E1-A0DD-864B9AA50514}.Debug|Any CPU.Build.0 = Debug|Any CPU
		{16F84088-B2B0-46E1-A0DD-864B9AA50514}.Release|Any CPU.ActiveCfg = Release|Any CPU
		{16F84088-B2B0-46E1-A0DD-864B9AA50514}.Release|Any CPU.Build.0 = Release|Any CPU
		{543985E0-E7F2-425F-92B1-AC6734475EC9}.Debug|Any CPU.ActiveCfg = Debug|Any CPU
		{543985E0-E7F2-425F-92B1-AC6734475EC9}.Debug|Any CPU.Build.0 = Debug|Any CPU
		{543985E0-E7F2-425F-92B1-AC6734475EC9}.Release|Any CPU.ActiveCfg = Release|Any CPU
		{543985E0-E7F2-425F-92B1-AC6734475EC9}.Release|Any CPU.Build.0 = Release|Any CPU
		{5F1F77B5-507A-4EA9-B266-E496DCB1DA0E}.Debug|Any CPU.ActiveCfg = Debug|Any CPU
		{5F1F77B5-507A-4EA9-B266-E496DCB1DA0E}.Debug|Any CPU.Build.0 = Debug|Any CPU
		{5F1F77B5-507A-4EA9-B266-E496DCB1DA0E}.Release|Any CPU.ActiveCfg = Release|Any CPU
		{5F1F77B5-507A-4EA9-B266-E496DCB1DA0E}.Release|Any CPU.Build.0 = Release|Any CPU
		{0C08231F-2721-4A2E-8EE0-AF20D5251EFF}.Debug|Any CPU.ActiveCfg = Debug|Any CPU
		{0C08231F-2721-4A2E-8EE0-AF20D5251EFF}.Debug|Any CPU.Build.0 = Debug|Any CPU
		{0C08231F-2721-4A2E-8EE0-AF20D5251EFF}.Release|Any CPU.ActiveCfg = Release|Any CPU
		{0C08231F-2721-4A2E-8EE0-AF20D5251EFF}.Release|Any CPU.Build.0 = Release|Any CPU
		{C9143837-F013-4196-A9C7-0FABCD729F57}.Debug|Any CPU.ActiveCfg = Debug|Any CPU
		{C9143837-F013-4196-A9C7-0FABCD729F57}.Debug|Any CPU.Build.0 = Debug|Any CPU
		{C9143837-F013-4196-A9C7-0FABCD729F57}.Release|Any CPU.ActiveCfg = Release|Any CPU
		{C9143837-F013-4196-A9C7-0FABCD729F57}.Release|Any CPU.Build.0 = Release|Any CPU
		{82E0A052-0A47-4E5F-B5A7-4E1158697D7B}.Debug|Any CPU.ActiveCfg = Debug|Any CPU
		{82E0A052-0A47-4E5F-B5A7-4E1158697D7B}.Debug|Any CPU.Build.0 = Debug|Any CPU
		{82E0A052-0A47-4E5F-B5A7-4E1158697D7B}.Release|Any CPU.ActiveCfg = Release|Any CPU
		{82E0A052-0A47-4E5F-B5A7-4E1158697D7B}.Release|Any CPU.Build.0 = Release|Any CPU
		{8A201900-965D-4171-9623-6247E44650BF}.Debug|Any CPU.ActiveCfg = Debug|Any CPU
		{8A201900-965D-4171-9623-6247E44650BF}.Debug|Any CPU.Build.0 = Debug|Any CPU
		{8A201900-965D-4171-9623-6247E44650BF}.Release|Any CPU.ActiveCfg = Release|Any CPU
		{8A201900-965D-4171-9623-6247E44650BF}.Release|Any CPU.Build.0 = Release|Any CPU
		{8812717B-1B2C-49FC-A1E8-1BE5AB46F002}.Debug|Any CPU.ActiveCfg = Debug|Any CPU
		{8812717B-1B2C-49FC-A1E8-1BE5AB46F002}.Debug|Any CPU.Build.0 = Debug|Any CPU
		{8812717B-1B2C-49FC-A1E8-1BE5AB46F002}.Release|Any CPU.ActiveCfg = Release|Any CPU
		{8812717B-1B2C-49FC-A1E8-1BE5AB46F002}.Release|Any CPU.Build.0 = Release|Any CPU
		{A8C0135A-BB6C-4421-B199-75831CA9BF98}.Debug|Any CPU.ActiveCfg = Debug|Any CPU
		{A8C0135A-BB6C-4421-B199-75831CA9BF98}.Debug|Any CPU.Build.0 = Debug|Any CPU
		{A8C0135A-BB6C-4421-B199-75831CA9BF98}.Release|Any CPU.ActiveCfg = Release|Any CPU
		{A8C0135A-BB6C-4421-B199-75831CA9BF98}.Release|Any CPU.Build.0 = Release|Any CPU
		{66C0481C-D8B3-41DC-819A-2356F447BB11}.Debug|Any CPU.ActiveCfg = Debug|Any CPU
		{66C0481C-D8B3-41DC-819A-2356F447BB11}.Debug|Any CPU.Build.0 = Debug|Any CPU
		{66C0481C-D8B3-41DC-819A-2356F447BB11}.Release|Any CPU.ActiveCfg = Release|Any CPU
		{66C0481C-D8B3-41DC-819A-2356F447BB11}.Release|Any CPU.Build.0 = Release|Any CPU
		{6C49E3B1-93D3-4243-AA9D-72896D97C5FA}.Debug|Any CPU.ActiveCfg = Debug|Any CPU
		{6C49E3B1-93D3-4243-AA9D-72896D97C5FA}.Debug|Any CPU.Build.0 = Debug|Any CPU
		{6C49E3B1-93D3-4243-AA9D-72896D97C5FA}.Release|Any CPU.ActiveCfg = Release|Any CPU
		{6C49E3B1-93D3-4243-AA9D-72896D97C5FA}.Release|Any CPU.Build.0 = Release|Any CPU
		{8F906A0C-82C4-410A-808C-821FEB850419}.Debug|Any CPU.ActiveCfg = Debug|Any CPU
		{8F906A0C-82C4-410A-808C-821FEB850419}.Debug|Any CPU.Build.0 = Debug|Any CPU
		{8F906A0C-82C4-410A-808C-821FEB850419}.Release|Any CPU.ActiveCfg = Release|Any CPU
		{8F906A0C-82C4-410A-808C-821FEB850419}.Release|Any CPU.Build.0 = Release|Any CPU
		{67F23398-685D-40D9-B0FF-CE0C57C8D587}.Debug|Any CPU.ActiveCfg = Debug|Any CPU
		{67F23398-685D-40D9-B0FF-CE0C57C8D587}.Debug|Any CPU.Build.0 = Debug|Any CPU
		{67F23398-685D-40D9-B0FF-CE0C57C8D587}.Release|Any CPU.ActiveCfg = Release|Any CPU
		{67F23398-685D-40D9-B0FF-CE0C57C8D587}.Release|Any CPU.Build.0 = Release|Any CPU
		{89EF75FF-D02E-41C4-BEA8-6EA812F46B7A}.Debug|Any CPU.ActiveCfg = Debug|Any CPU
		{89EF75FF-D02E-41C4-BEA8-6EA812F46B7A}.Debug|Any CPU.Build.0 = Debug|Any CPU
		{89EF75FF-D02E-41C4-BEA8-6EA812F46B7A}.Release|Any CPU.ActiveCfg = Release|Any CPU
		{89EF75FF-D02E-41C4-BEA8-6EA812F46B7A}.Release|Any CPU.Build.0 = Release|Any CPU
		{81692497-6B8B-4E6A-8887-B898171156D1}.Debug|Any CPU.ActiveCfg = Debug|Any CPU
		{81692497-6B8B-4E6A-8887-B898171156D1}.Debug|Any CPU.Build.0 = Debug|Any CPU
		{81692497-6B8B-4E6A-8887-B898171156D1}.Release|Any CPU.ActiveCfg = Release|Any CPU
		{81692497-6B8B-4E6A-8887-B898171156D1}.Release|Any CPU.Build.0 = Release|Any CPU
		{6D740AFE-C3D3-4A8B-AB2D-3FB5897D7399}.Debug|Any CPU.ActiveCfg = Debug|Any CPU
		{6D740AFE-C3D3-4A8B-AB2D-3FB5897D7399}.Debug|Any CPU.Build.0 = Debug|Any CPU
		{6D740AFE-C3D3-4A8B-AB2D-3FB5897D7399}.Release|Any CPU.ActiveCfg = Release|Any CPU
		{6D740AFE-C3D3-4A8B-AB2D-3FB5897D7399}.Release|Any CPU.Build.0 = Release|Any CPU
		{F291897B-8D49-4960-BCF7-1BDEF5C4C806}.Debug|Any CPU.ActiveCfg = Debug|Any CPU
		{F291897B-8D49-4960-BCF7-1BDEF5C4C806}.Debug|Any CPU.Build.0 = Debug|Any CPU
		{F291897B-8D49-4960-BCF7-1BDEF5C4C806}.Release|Any CPU.ActiveCfg = Release|Any CPU
		{F291897B-8D49-4960-BCF7-1BDEF5C4C806}.Release|Any CPU.Build.0 = Release|Any CPU
		{6FD6FE4A-A987-4A6E-8A0E-827A05E75477}.Debug|Any CPU.ActiveCfg = Debug|Any CPU
		{6FD6FE4A-A987-4A6E-8A0E-827A05E75477}.Debug|Any CPU.Build.0 = Debug|Any CPU
		{6FD6FE4A-A987-4A6E-8A0E-827A05E75477}.Release|Any CPU.ActiveCfg = Release|Any CPU
		{6FD6FE4A-A987-4A6E-8A0E-827A05E75477}.Release|Any CPU.Build.0 = Release|Any CPU
		{56C7A40A-F00D-43FE-889C-BD0AFE442DB9}.Debug|Any CPU.ActiveCfg = Debug|Any CPU
		{56C7A40A-F00D-43FE-889C-BD0AFE442DB9}.Debug|Any CPU.Build.0 = Debug|Any CPU
		{56C7A40A-F00D-43FE-889C-BD0AFE442DB9}.Release|Any CPU.ActiveCfg = Release|Any CPU
		{56C7A40A-F00D-43FE-889C-BD0AFE442DB9}.Release|Any CPU.Build.0 = Release|Any CPU
		{19E24CCE-8FB5-45BE-99D5-AB697F22787A}.Debug|Any CPU.ActiveCfg = Debug|Any CPU
		{19E24CCE-8FB5-45BE-99D5-AB697F22787A}.Debug|Any CPU.Build.0 = Debug|Any CPU
		{19E24CCE-8FB5-45BE-99D5-AB697F22787A}.Release|Any CPU.ActiveCfg = Release|Any CPU
		{19E24CCE-8FB5-45BE-99D5-AB697F22787A}.Release|Any CPU.Build.0 = Release|Any CPU
		{8439EBA6-7479-417F-AB41-8F2E33F39090}.Debug|Any CPU.ActiveCfg = Debug|Any CPU
		{8439EBA6-7479-417F-AB41-8F2E33F39090}.Debug|Any CPU.Build.0 = Debug|Any CPU
		{8439EBA6-7479-417F-AB41-8F2E33F39090}.Release|Any CPU.ActiveCfg = Release|Any CPU
		{8439EBA6-7479-417F-AB41-8F2E33F39090}.Release|Any CPU.Build.0 = Release|Any CPU
		{5A285F4E-AE21-4B54-901E-7B95CB0C56BC}.Debug|Any CPU.ActiveCfg = Debug|Any CPU
		{5A285F4E-AE21-4B54-901E-7B95CB0C56BC}.Debug|Any CPU.Build.0 = Debug|Any CPU
		{5A285F4E-AE21-4B54-901E-7B95CB0C56BC}.Release|Any CPU.ActiveCfg = Release|Any CPU
		{5A285F4E-AE21-4B54-901E-7B95CB0C56BC}.Release|Any CPU.Build.0 = Release|Any CPU
		{C01068B3-359E-4936-8416-09AA8590170D}.Debug|Any CPU.ActiveCfg = Debug|Any CPU
		{C01068B3-359E-4936-8416-09AA8590170D}.Debug|Any CPU.Build.0 = Debug|Any CPU
		{C01068B3-359E-4936-8416-09AA8590170D}.Release|Any CPU.ActiveCfg = Release|Any CPU
		{C01068B3-359E-4936-8416-09AA8590170D}.Release|Any CPU.Build.0 = Release|Any CPU
		{FAE2D973-E5A8-450F-AC85-0FDAEAB793CE}.Debug|Any CPU.ActiveCfg = Debug|Any CPU
		{FAE2D973-E5A8-450F-AC85-0FDAEAB793CE}.Debug|Any CPU.Build.0 = Debug|Any CPU
		{FAE2D973-E5A8-450F-AC85-0FDAEAB793CE}.Release|Any CPU.ActiveCfg = Release|Any CPU
		{FAE2D973-E5A8-450F-AC85-0FDAEAB793CE}.Release|Any CPU.Build.0 = Release|Any CPU
		{12CDA3BF-71DE-45E2-B8C8-7ECC00FF5728}.Debug|Any CPU.ActiveCfg = Debug|Any CPU
		{12CDA3BF-71DE-45E2-B8C8-7ECC00FF5728}.Debug|Any CPU.Build.0 = Debug|Any CPU
		{12CDA3BF-71DE-45E2-B8C8-7ECC00FF5728}.Release|Any CPU.ActiveCfg = Release|Any CPU
		{12CDA3BF-71DE-45E2-B8C8-7ECC00FF5728}.Release|Any CPU.Build.0 = Release|Any CPU
		{30000696-5DC7-4622-AEFF-25193872648B}.Debug|Any CPU.ActiveCfg = Debug|Any CPU
		{30000696-5DC7-4622-AEFF-25193872648B}.Debug|Any CPU.Build.0 = Debug|Any CPU
		{30000696-5DC7-4622-AEFF-25193872648B}.Release|Any CPU.ActiveCfg = Release|Any CPU
		{30000696-5DC7-4622-AEFF-25193872648B}.Release|Any CPU.Build.0 = Release|Any CPU
		{F82BF59A-E2E3-43CB-AE58-D5189E32B6D7}.Debug|Any CPU.ActiveCfg = Debug|Any CPU
		{F82BF59A-E2E3-43CB-AE58-D5189E32B6D7}.Debug|Any CPU.Build.0 = Debug|Any CPU
		{F82BF59A-E2E3-43CB-AE58-D5189E32B6D7}.Release|Any CPU.ActiveCfg = Release|Any CPU
		{F82BF59A-E2E3-43CB-AE58-D5189E32B6D7}.Release|Any CPU.Build.0 = Release|Any CPU
		{AA6F84A4-4371-4DBE-BBB7-B62C45BA0018}.Debug|Any CPU.ActiveCfg = Debug|Any CPU
		{AA6F84A4-4371-4DBE-BBB7-B62C45BA0018}.Debug|Any CPU.Build.0 = Debug|Any CPU
		{AA6F84A4-4371-4DBE-BBB7-B62C45BA0018}.Release|Any CPU.ActiveCfg = Release|Any CPU
		{AA6F84A4-4371-4DBE-BBB7-B62C45BA0018}.Release|Any CPU.Build.0 = Release|Any CPU
		{1BC31A54-0983-4391-BC84-FD5162163300}.Debug|Any CPU.ActiveCfg = Debug|Any CPU
		{1BC31A54-0983-4391-BC84-FD5162163300}.Debug|Any CPU.Build.0 = Debug|Any CPU
		{1BC31A54-0983-4391-BC84-FD5162163300}.Release|Any CPU.ActiveCfg = Release|Any CPU
		{1BC31A54-0983-4391-BC84-FD5162163300}.Release|Any CPU.Build.0 = Release|Any CPU
		{195F6510-5A2F-4C87-928F-84E4A76D919F}.Debug|Any CPU.ActiveCfg = Debug|Any CPU
		{195F6510-5A2F-4C87-928F-84E4A76D919F}.Debug|Any CPU.Build.0 = Debug|Any CPU
		{195F6510-5A2F-4C87-928F-84E4A76D919F}.Release|Any CPU.ActiveCfg = Release|Any CPU
		{195F6510-5A2F-4C87-928F-84E4A76D919F}.Release|Any CPU.Build.0 = Release|Any CPU
	EndGlobalSection
	GlobalSection(SolutionProperties) = preSolution
		HideSolutionNode = FALSE
	EndGlobalSection
	GlobalSection(NestedProjects) = preSolution
		{F291897B-8D49-4960-BCF7-1BDEF5C4C806} = {653ECF2B-6935-43BA-9897-678E6609FF90}
	EndGlobalSection
EndGlobal
